{
  "version": 2,
  "dependencies": {
    "net9.0": {
      "FluentResults": {
        "type": "Direct",
        "requested": "[4.0.0, )",
        "resolved": "4.0.0",
        "contentHash": "wKfdLvDnDVhXlSreU7u/NFNHH6EfoOhAloEID4ePAyk+ZliowKZJvX+aCL4hxhFc9Jj74t62amS4LyOYTjXGCg==",
        "dependencies": {
          "Microsoft.Extensions.Logging.Abstractions": "2.1.1",
          "System.Threading.Tasks.Extensions": "4.5.4"
        }
      },
      "Microsoft.SourceLink.GitHub": {
        "type": "Direct",
        "requested": "[10.0.203, )",
        "resolved": "10.0.203",
        "contentHash": "R4Tvr1oACImMS+Y5M7NM07ll9QyJSKnki3Dvz8QwG1W6FEmd+9fmZXAF6BE6UPswHF6n0v41wgMQGlaudOspqA==",
        "dependencies": {
          "Microsoft.Build.Tasks.Git": "10.0.203",
          "Microsoft.SourceLink.Common": "10.0.203",
          "System.IO.Hashing": "10.0.7"
        }
      },
      "Microsoft.Build.Tasks.Git": {
        "type": "Transitive",
        "resolved": "10.0.203",
        "contentHash": "m56WtzvIcL6t7JR3c7ogYitHizNM2QnRSo8yqxrQi+m5E/GGyDEmqymP+2p6YsFXn0j/Tzz67s4FQnrTLC7GKQ==",
        "dependencies": {
          "System.IO.Hashing": "10.0.7"
        }
      },
      "Microsoft.Extensions.Logging.Abstractions": {
        "type": "Transitive",
        "resolved": "2.1.1",
        "contentHash": "XRzK7ZF+O6FzdfWrlFTi1Rgj2080ZDsd46vzOjadHUB0Cz5kOvDG8vI7caa5YFrsHQpcfn0DxtjS4E46N4FZsA=="
      },
      "Microsoft.SourceLink.Common": {
        "type": "Transitive",
        "resolved": "10.0.203",
        "contentHash": "QYAnhBCOkT3ZUT/fHag11+bamwlbZ3U9Vi/WfKrD9emdUf1t3aqjWv0V2KtEGHSRSC81aBc8Oy/mvyGpEYd9Pg=="
      },
      "System.IO.Hashing": {
        "type": "Transitive",
        "resolved": "10.0.7",
        "contentHash": "6hsjdSr4VOXSOnhALkYplHpAxnTG1J33YN42IB6nH2fEg4QnJqrZ4Ft+qn7mkrKAOYC8pCSFYwVWw6rQbmwgLQ=="
      },
      "System.Threading.Tasks.Extensions": {
        "type": "Transitive",
        "resolved": "4.5.4",
        "contentHash": "zteT+G8xuGu6mS+mzDzYXbzS7rd3K6Fjb9RiZlYlJPam2/hU7JCBZBVEcywNuR+oZ1ncTvc/cq0faRr3P01OVg=="
      }
    }
  }
}